// !$*UTF8*$!
{
	archiveVersion = 1;
	classes = {
	};
	objectVersion = 55;
	objects = {

/* Begin PBXBuildFile section */
		041C20C9289942AA0032162A /* AppDelegate.swift in Sources */ = {isa = PBXBuildFile; fileRef = 041C20C8289942AA0032162A /* AppDelegate.swift */; };
		041C20CB289942AA0032162A /* SceneDelegate.swift in Sources */ = {isa = PBXBuildFile; fileRef = 041C20CA289942AA0032162A /* SceneDelegate.swift */; };
		041C20CD289942AA0032162A /* MovieListViewController.swift in Sources */ = {isa = PBXBuildFile; fileRef = 041C20CC289942AA0032162A /* MovieListViewController.swift */; };
		041C20D2289942AA0032162A /* Assets.xcassets in Resources */ = {isa = PBXBuildFile; fileRef = 041C20D1289942AA0032162A /* Assets.xcassets */; };
		041C20D5289942AA0032162A /* LaunchScreen.storyboard in Resources */ = {isa = PBXBuildFile; fileRef = 041C20D3289942AA0032162A /* LaunchScreen.storyboard */; };
		041C20E0289942AB0032162A /* MovieReviewTests.swift in Sources */ = {isa = PBXBuildFile; fileRef = 041C20DF289942AB0032162A /* MovieReviewTests.swift */; };
		041C20EA289942AB0032162A /* MovieReviewUITests.swift in Sources */ = {isa = PBXBuildFile; fileRef = 041C20E9289942AB0032162A /* MovieReviewUITests.swift */; };
		041C20EC289942AB0032162A /* MovieReviewUITestsLaunchTests.swift in Sources */ = {isa = PBXBuildFile; fileRef = 041C20EB289942AB0032162A /* MovieReviewUITestsLaunchTests.swift */; };
		041C20FA289942E00032162A /* Kingfisher in Frameworks */ = {isa = PBXBuildFile; productRef = 041C20F9289942E00032162A /* Kingfisher */; };
		041C20FD289942EC0032162A /* SnapKit in Frameworks */ = {isa = PBXBuildFile; productRef = 041C20FC289942EC0032162A /* SnapKit */; };
		041C2100289942FA0032162A /* Alamofire in Frameworks */ = {isa = PBXBuildFile; productRef = 041C20FF289942FA0032162A /* Alamofire */; };
		046E67DB289A80A300DC73F0 /* MoviewListCollectionviewCell.swift in Sources */ = {isa = PBXBuildFile; fileRef = 046E67DA289A80A300DC73F0 /* MoviewListCollectionviewCell.swift */; };
		04752F0D28994D2C00606089 /* MoviewSearchRequestModel.swift in Sources */ = {isa = PBXBuildFile; fileRef = 04752F0C28994D2C00606089 /* MoviewSearchRequestModel.swift */; };
		04752F0F28994D5500606089 /* MoviewSearchResponseModel.swift in Sources */ = {isa = PBXBuildFile; fileRef = 04752F0E28994D5500606089 /* MoviewSearchResponseModel.swift */; };
		04752F1228994E3400606089 /* Moview.swift in Sources */ = {isa = PBXBuildFile; fileRef = 04752F1128994E3400606089 /* Moview.swift */; };
		04752F1428994E5500606089 /* MoviewSearchManager.swift in Sources */ = {isa = PBXBuildFile; fileRef = 04752F1328994E5500606089 /* MoviewSearchManager.swift */; };
		04752F172899533500606089 /* MoviewListPresenter.swift in Sources */ = {isa = PBXBuildFile; fileRef = 04752F162899533500606089 /* MoviewListPresenter.swift */; };
		04752F192899564F00606089 /* .swiftlint.yml in Resources */ = {isa = PBXBuildFile; fileRef = 04752F182899564F00606089 /* .swiftlint.yml */; };
		4C83EB129E17E1D4BAE3F38A /* Pods_MovieReview.framework in Frameworks */ = {isa = PBXBuildFile; fileRef = B474219B339B1682FA8C8CA8 /* Pods_MovieReview.framework */; };
		C62EEFAD46A96D775C624BAC /* Pods_MovieReviewTests.framework in Frameworks */ = {isa = PBXBuildFile; fileRef = B0CB5B0C076279375108BE21 /* Pods_MovieReviewTests.framework */; };
		DC73200B816E8E5C99FB88C0 /* Pods_MovieReview_MovieReviewUITests.framework in Frameworks */ = {isa = PBXBuildFile; fileRef = 3BE9BA3D209934F8FC554DD4 /* Pods_MovieReview_MovieReviewUITests.framework */; };
/* End PBXBuildFile section */

/* Begin PBXContainerItemProxy section */
		041C20DC289942AB0032162A /* PBXContainerItemProxy */ = {
			isa = PBXContainerItemProxy;
			containerPortal = 041C20BD289942AA0032162A /* Project object */;
			proxyType = 1;
			remoteGlobalIDString = 041C20C4289942AA0032162A;
			remoteInfo = MovieReview;
		};
		041C20E6289942AB0032162A /* PBXContainerItemProxy */ = {
			isa = PBXContainerItemProxy;
			containerPortal = 041C20BD289942AA0032162A /* Project object */;
			proxyType = 1;
			remoteGlobalIDString = 041C20C4289942AA0032162A;
			remoteInfo = MovieReview;
		};
/* End PBXContainerItemProxy section */

/* Begin PBXFileReference section */
		041C20C5289942AA0032162A /* MovieReview.app */ = {isa = PBXFileReference; explicitFileType = wrapper.application; includeInIndex = 0; path = MovieReview.app; sourceTree = BUILT_PRODUCTS_DIR; };
		041C20C8289942AA0032162A /* AppDelegate.swift */ = {isa = PBXFileReference; lastKnownFileType = sourcecode.swift; path = AppDelegate.swift; sourceTree = "<group>"; };
		041C20CA289942AA0032162A /* SceneDelegate.swift */ = {isa = PBXFileReference; lastKnownFileType = sourcecode.swift; path = SceneDelegate.swift; sourceTree = "<group>"; };
		041C20CC289942AA0032162A /* MovieListViewController.swift */ = {isa = PBXFileReference; lastKnownFileType = sourcecode.swift; path = MovieListViewController.swift; sourceTree = "<group>"; };
		041C20D1289942AA0032162A /* Assets.xcassets */ = {isa = PBXFileReference; lastKnownFileType = folder.assetcatalog; path = Assets.xcassets; sourceTree = "<group>"; };
		041C20D4289942AA0032162A /* Base */ = {isa = PBXFileReference; lastKnownFileType = file.storyboard; name = Base; path = Base.lproj/LaunchScreen.storyboard; sourceTree = "<group>"; };
		041C20D6289942AA0032162A /* Info.plist */ = {isa = PBXFileReference; lastKnownFileType = text.plist.xml; path = Info.plist; sourceTree = "<group>"; };
		041C20DB289942AB0032162A /* MovieReviewTests.xctest */ = {isa = PBXFileReference; explicitFileType = wrapper.cfbundle; includeInIndex = 0; path = MovieReviewTests.xctest; sourceTree = BUILT_PRODUCTS_DIR; };
		041C20DF289942AB0032162A /* MovieReviewTests.swift */ = {isa = PBXFileReference; lastKnownFileType = sourcecode.swift; path = MovieReviewTests.swift; sourceTree = "<group>"; };
		041C20E5289942AB0032162A /* MovieReviewUITests.xctest */ = {isa = PBXFileReference; explicitFileType = wrapper.cfbundle; includeInIndex = 0; path = MovieReviewUITests.xctest; sourceTree = BUILT_PRODUCTS_DIR; };
		041C20E9289942AB0032162A /* MovieReviewUITests.swift */ = {isa = PBXFileReference; lastKnownFileType = sourcecode.swift; path = MovieReviewUITests.swift; sourceTree = "<group>"; };
		041C20EB289942AB0032162A /* MovieReviewUITestsLaunchTests.swift */ = {isa = PBXFileReference; lastKnownFileType = sourcecode.swift; path = MovieReviewUITestsLaunchTests.swift; sourceTree = "<group>"; };
		046E67DA289A80A300DC73F0 /* MoviewListCollectionviewCell.swift */ = {isa = PBXFileReference; lastKnownFileType = sourcecode.swift; path = MoviewListCollectionviewCell.swift; sourceTree = "<group>"; };
		04752F0C28994D2C00606089 /* MoviewSearchRequestModel.swift */ = {isa = PBXFileReference; lastKnownFileType = sourcecode.swift; path = MoviewSearchRequestModel.swift; sourceTree = "<group>"; };
		04752F0E28994D5500606089 /* MoviewSearchResponseModel.swift */ = {isa = PBXFileReference; lastKnownFileType = sourcecode.swift; path = MoviewSearchResponseModel.swift; sourceTree = "<group>"; };
		04752F1128994E3400606089 /* Moview.swift */ = {isa = PBXFileReference; lastKnownFileType = sourcecode.swift; path = Moview.swift; sourceTree = "<group>"; };
		04752F1328994E5500606089 /* MoviewSearchManager.swift */ = {isa = PBXFileReference; lastKnownFileType = sourcecode.swift; path = MoviewSearchManager.swift; sourceTree = "<group>"; };
		04752F162899533500606089 /* MoviewListPresenter.swift */ = {isa = PBXFileReference; lastKnownFileType = sourcecode.swift; path = MoviewListPresenter.swift; sourceTree = "<group>"; };
		04752F182899564F00606089 /* .swiftlint.yml */ = {isa = PBXFileReference; fileEncoding = 4; lastKnownFileType = text.yaml; path = .swiftlint.yml; sourceTree = SOURCE_ROOT; };
		1E0DEBAC1D8E8B66771BEE81 /* Pods-MovieReview.release.xcconfig */ = {isa = PBXFileReference; includeInIndex = 1; lastKnownFileType = text.xcconfig; name = "Pods-MovieReview.release.xcconfig"; path = "Target Support Files/Pods-MovieReview/Pods-MovieReview.release.xcconfig"; sourceTree = "<group>"; };
		332AAAB99C79F6643F08EF67 /* Pods-MovieReviewTests.debug.xcconfig */ = {isa = PBXFileReference; includeInIndex = 1; lastKnownFileType = text.xcconfig; name = "Pods-MovieReviewTests.debug.xcconfig"; path = "Target Support Files/Pods-MovieReviewTests/Pods-MovieReviewTests.debug.xcconfig"; sourceTree = "<group>"; };
		3BE9BA3D209934F8FC554DD4 /* Pods_MovieReview_MovieReviewUITests.framework */ = {isa = PBXFileReference; explicitFileType = wrapper.framework; includeInIndex = 0; path = Pods_MovieReview_MovieReviewUITests.framework; sourceTree = BUILT_PRODUCTS_DIR; };
		486BCF3CBCE470A2343FEEEA /* Pods-MovieReview.debug.xcconfig */ = {isa = PBXFileReference; includeInIndex = 1; lastKnownFileType = text.xcconfig; name = "Pods-MovieReview.debug.xcconfig"; path = "Target Support Files/Pods-MovieReview/Pods-MovieReview.debug.xcconfig"; sourceTree = "<group>"; };
		670570C71AF3B7B438C12793 /* Pods-MovieReview-MovieReviewUITests.release.xcconfig */ = {isa = PBXFileReference; includeInIndex = 1; lastKnownFileType = text.xcconfig; name = "Pods-MovieReview-MovieReviewUITests.release.xcconfig"; path = "Target Support Files/Pods-MovieReview-MovieReviewUITests/Pods-MovieReview-MovieReviewUITests.release.xcconfig"; sourceTree = "<group>"; };
		9758634D205698C48112E0CA /* Pods-MovieReviewTests.release.xcconfig */ = {isa = PBXFileReference; includeInIndex = 1; lastKnownFileType = text.xcconfig; name = "Pods-MovieReviewTests.release.xcconfig"; path = "Target Support Files/Pods-MovieReviewTests/Pods-MovieReviewTests.release.xcconfig"; sourceTree = "<group>"; };
		B0CB5B0C076279375108BE21 /* Pods_MovieReviewTests.framework */ = {isa = PBXFileReference; explicitFileType = wrapper.framework; includeInIndex = 0; path = Pods_MovieReviewTests.framework; sourceTree = BUILT_PRODUCTS_DIR; };
		B474219B339B1682FA8C8CA8 /* Pods_MovieReview.framework */ = {isa = PBXFileReference; explicitFileType = wrapper.framework; includeInIndex = 0; path = Pods_MovieReview.framework; sourceTree = BUILT_PRODUCTS_DIR; };
		F36C0B5E38D59C6EB1FF2275 /* Pods-MovieReview-MovieReviewUITests.debug.xcconfig */ = {isa = PBXFileReference; includeInIndex = 1; lastKnownFileType = text.xcconfig; name = "Pods-MovieReview-MovieReviewUITests.debug.xcconfig"; path = "Target Support Files/Pods-MovieReview-MovieReviewUITests/Pods-MovieReview-MovieReviewUITests.debug.xcconfig"; sourceTree = "<group>"; };
/* End PBXFileReference section */

/* Begin PBXFrameworksBuildPhase section */
		041C20C2289942AA0032162A /* Frameworks */ = {
			isa = PBXFrameworksBuildPhase;
			buildActionMask = 2147483647;
			files = (
				041C2100289942FA0032162A /* Alamofire in Frameworks */,
				041C20FA289942E00032162A /* Kingfisher in Frameworks */,
				041C20FD289942EC0032162A /* SnapKit in Frameworks */,
				4C83EB129E17E1D4BAE3F38A /* Pods_MovieReview.framework in Frameworks */,
			);
			runOnlyForDeploymentPostprocessing = 0;
		};
		041C20D8289942AB0032162A /* Frameworks */ = {
			isa = PBXFrameworksBuildPhase;
			buildActionMask = 2147483647;
			files = (
				C62EEFAD46A96D775C624BAC /* Pods_MovieReviewTests.framework in Frameworks */,
			);
			runOnlyForDeploymentPostprocessing = 0;
		};
		041C20E2289942AB0032162A /* Frameworks */ = {
			isa = PBXFrameworksBuildPhase;
			buildActionMask = 2147483647;
			files = (
				DC73200B816E8E5C99FB88C0 /* Pods_MovieReview_MovieReviewUITests.framework in Frameworks */,
			);
			runOnlyForDeploymentPostprocessing = 0;
		};
/* End PBXFrameworksBuildPhase section */

/* Begin PBXGroup section */
		041C20BC289942AA0032162A = {
			isa = PBXGroup;
			children = (
				041C20C7289942AA0032162A /* MovieReview */,
				041C20DE289942AB0032162A /* MovieReviewTests */,
				041C20E8289942AB0032162A /* MovieReviewUITests */,
				041C20C6289942AA0032162A /* Products */,
				C5A02412A4D04E1A81212802 /* Pods */,
				9F26C3F780EC7FE351968AB5 /* Frameworks */,
			);
			sourceTree = "<group>";
		};
		041C20C6289942AA0032162A /* Products */ = {
			isa = PBXGroup;
			children = (
				041C20C5289942AA0032162A /* MovieReview.app */,
				041C20DB289942AB0032162A /* MovieReviewTests.xctest */,
				041C20E5289942AB0032162A /* MovieReviewUITests.xctest */,
			);
			name = Products;
			sourceTree = "<group>";
		};
		041C20C7289942AA0032162A /* MovieReview */ = {
			isa = PBXGroup;
			children = (
				04752F182899564F00606089 /* .swiftlint.yml */,
				041C20C8289942AA0032162A /* AppDelegate.swift */,
				041C20CA289942AA0032162A /* SceneDelegate.swift */,
				04752F1528994E6000606089 /* Manager */,
				04752F1028994D5A00606089 /* Models */,
				04752F0B28994D1900606089 /* Scenes */,
				041C20D1289942AA0032162A /* Assets.xcassets */,
				041C20D3289942AA0032162A /* LaunchScreen.storyboard */,
				041C20D6289942AA0032162A /* Info.plist */,
			);
			path = MovieReview;
			sourceTree = "<group>";
		};
		041C20DE289942AB0032162A /* MovieReviewTests */ = {
			isa = PBXGroup;
			children = (
				041C20DF289942AB0032162A /* MovieReviewTests.swift */,
			);
			path = MovieReviewTests;
			sourceTree = "<group>";
		};
		041C20E8289942AB0032162A /* MovieReviewUITests */ = {
			isa = PBXGroup;
			children = (
				041C20E9289942AB0032162A /* MovieReviewUITests.swift */,
				041C20EB289942AB0032162A /* MovieReviewUITestsLaunchTests.swift */,
			);
			path = MovieReviewUITests;
			sourceTree = "<group>";
		};
		046E67DC289A80A900DC73F0 /* MoviewList */ = {
			isa = PBXGroup;
			children = (
				041C20CC289942AA0032162A /* MovieListViewController.swift */,
				04752F162899533500606089 /* MoviewListPresenter.swift */,
				046E67DA289A80A300DC73F0 /* MoviewListCollectionviewCell.swift */,
			);
			path = MoviewList;
			sourceTree = "<group>";
		};
		04752F0B28994D1900606089 /* Scenes */ = {
			isa = PBXGroup;
			children = (
				046E67DC289A80A900DC73F0 /* MoviewList */,
			);
			path = Scenes;
			sourceTree = "<group>";
		};
		04752F1028994D5A00606089 /* Models */ = {
			isa = PBXGroup;
			children = (
				04752F0C28994D2C00606089 /* MoviewSearchRequestModel.swift */,
				04752F0E28994D5500606089 /* MoviewSearchResponseModel.swift */,
				04752F1128994E3400606089 /* Moview.swift */,
			);
			path = Models;
			sourceTree = "<group>";
		};
		04752F1528994E6000606089 /* Manager */ = {
			isa = PBXGroup;
			children = (
				04752F1328994E5500606089 /* MoviewSearchManager.swift */,
			);
			path = Manager;
			sourceTree = "<group>";
		};
		9F26C3F780EC7FE351968AB5 /* Frameworks */ = {
			isa = PBXGroup;
			children = (
				B474219B339B1682FA8C8CA8 /* Pods_MovieReview.framework */,
				3BE9BA3D209934F8FC554DD4 /* Pods_MovieReview_MovieReviewUITests.framework */,
				B0CB5B0C076279375108BE21 /* Pods_MovieReviewTests.framework */,
			);
			name = Frameworks;
			sourceTree = "<group>";
		};
		C5A02412A4D04E1A81212802 /* Pods */ = {
			isa = PBXGroup;
			children = (
				486BCF3CBCE470A2343FEEEA /* Pods-MovieReview.debug.xcconfig */,
				1E0DEBAC1D8E8B66771BEE81 /* Pods-MovieReview.release.xcconfig */,
				F36C0B5E38D59C6EB1FF2275 /* Pods-MovieReview-MovieReviewUITests.debug.xcconfig */,
				670570C71AF3B7B438C12793 /* Pods-MovieReview-MovieReviewUITests.release.xcconfig */,
				332AAAB99C79F6643F08EF67 /* Pods-MovieReviewTests.debug.xcconfig */,
				9758634D205698C48112E0CA /* Pods-MovieReviewTests.release.xcconfig */,
			);
			path = Pods;
			sourceTree = "<group>";
		};
/* End PBXGroup section */

/* Begin PBXNativeTarget section */
		041C20C4289942AA0032162A /* MovieReview */ = {
			isa = PBXNativeTarget;
			buildConfigurationList = 041C20EF289942AB0032162A /* Build configuration list for PBXNativeTarget "MovieReview" */;
			buildPhases = (
				B84FE21601992E04404DAA93 /* [CP] Check Pods Manifest.lock */,
				041C20C1289942AA0032162A /* Sources */,
				041C20C2289942AA0032162A /* Frameworks */,
				041C20C3289942AA0032162A /* Resources */,
				04752F0A289947FD00606089 /* SwiftLint */,
			);
			buildRules = (
			);
			dependencies = (
			);
			name = MovieReview;
			packageProductDependencies = (
				041C20F9289942E00032162A /* Kingfisher */,
				041C20FC289942EC0032162A /* SnapKit */,
				041C20FF289942FA0032162A /* Alamofire */,
			);
			productName = MovieReview;
			productReference = 041C20C5289942AA0032162A /* MovieReview.app */;
			productType = "com.apple.product-type.application";
		};
		041C20DA289942AB0032162A /* MovieReviewTests */ = {
			isa = PBXNativeTarget;
			buildConfigurationList = 041C20F2289942AB0032162A /* Build configuration list for PBXNativeTarget "MovieReviewTests" */;
			buildPhases = (
				B82BBF2B2E247A309C6F8CD7 /* [CP] Check Pods Manifest.lock */,
				041C20D7289942AB0032162A /* Sources */,
				041C20D8289942AB0032162A /* Frameworks */,
				041C20D9289942AB0032162A /* Resources */,
			);
			buildRules = (
			);
			dependencies = (
				041C20DD289942AB0032162A /* PBXTargetDependency */,
			);
			name = MovieReviewTests;
			productName = MovieReviewTests;
			productReference = 041C20DB289942AB0032162A /* MovieReviewTests.xctest */;
			productType = "com.apple.product-type.bundle.unit-test";
		};
		041C20E4289942AB0032162A /* MovieReviewUITests */ = {
			isa = PBXNativeTarget;
			buildConfigurationList = 041C20F5289942AB0032162A /* Build configuration list for PBXNativeTarget "MovieReviewUITests" */;
			buildPhases = (
				0F4B967AB946D4AEC26C4ED5 /* [CP] Check Pods Manifest.lock */,
				041C20E1289942AB0032162A /* Sources */,
				041C20E2289942AB0032162A /* Frameworks */,
				041C20E3289942AB0032162A /* Resources */,
			);
			buildRules = (
			);
			dependencies = (
				041C20E7289942AB0032162A /* PBXTargetDependency */,
			);
			name = MovieReviewUITests;
			productName = MovieReviewUITests;
			productReference = 041C20E5289942AB0032162A /* MovieReviewUITests.xctest */;
			productType = "com.apple.product-type.bundle.ui-testing";
		};
/* End PBXNativeTarget section */

/* Begin PBXProject section */
		041C20BD289942AA0032162A /* Project object */ = {
			isa = PBXProject;
			attributes = {
				BuildIndependentTargetsInParallel = 1;
				LastSwiftUpdateCheck = 1340;
				LastUpgradeCheck = 1340;
				TargetAttributes = {
					041C20C4289942AA0032162A = {
						CreatedOnToolsVersion = 13.4.1;
					};
					041C20DA289942AB0032162A = {
						CreatedOnToolsVersion = 13.4.1;
						TestTargetID = 041C20C4289942AA0032162A;
					};
					041C20E4289942AB0032162A = {
						CreatedOnToolsVersion = 13.4.1;
						TestTargetID = 041C20C4289942AA0032162A;
					};
				};
			};
			buildConfigurationList = 041C20C0289942AA0032162A /* Build configuration list for PBXProject "MovieReview" */;
			compatibilityVersion = "Xcode 13.0";
			developmentRegion = en;
			hasScannedForEncodings = 0;
			knownRegions = (
				en,
				Base,
			);
			mainGroup = 041C20BC289942AA0032162A;
			packageReferences = (
				041C20F8289942E00032162A /* XCRemoteSwiftPackageReference "Kingfisher" */,
				041C20FB289942EC0032162A /* XCRemoteSwiftPackageReference "SnapKit" */,
				041C20FE289942FA0032162A /* XCRemoteSwiftPackageReference "Alamofire" */,
			);
			productRefGroup = 041C20C6289942AA0032162A /* Products */;
			projectDirPath = "";
			projectRoot = "";
			targets = (
				041C20C4289942AA0032162A /* MovieReview */,
				041C20DA289942AB0032162A /* MovieReviewTests */,
				041C20E4289942AB0032162A /* MovieReviewUITests */,
			);
		};
/* End PBXProject section */

/* Begin PBXResourcesBuildPhase section */
		041C20C3289942AA0032162A /* Resources */ = {
			isa = PBXResourcesBuildPhase;
			buildActionMask = 2147483647;
			files = (
				04752F192899564F00606089 /* .swiftlint.yml in Resources */,
				041C20D5289942AA0032162A /* LaunchScreen.storyboard in Resources */,
				041C20D2289942AA0032162A /* Assets.xcassets in Resources */,
			);
			runOnlyForDeploymentPostprocessing = 0;
		};
		041C20D9289942AB0032162A /* Resources */ = {
			isa = PBXResourcesBuildPhase;
			buildActionMask = 2147483647;
			files = (
			);
			runOnlyForDeploymentPostprocessing = 0;
		};
		041C20E3289942AB0032162A /* Resources */ = {
			isa = PBXResourcesBuildPhase;
			buildActionMask = 2147483647;
			files = (
			);
			runOnlyForDeploymentPostprocessing = 0;
		};
/* End PBXResourcesBuildPhase section */

/* Begin PBXShellScriptBuildPhase section */
		04752F0A289947FD00606089 /* SwiftLint */ = {
			isa = PBXShellScriptBuildPhase;
			buildActionMask = 2147483647;
			files = (
			);
			inputFileListPaths = (
			);
			inputPaths = (
			);
			name = SwiftLint;
			outputFileListPaths = (
			);
			outputPaths = (
			);
			runOnlyForDeploymentPostprocessing = 0;
			shellPath = /bin/sh;
			shellScript = "${PODS_ROOT}/SwiftLint/swiftlint\n";
		};
		0F4B967AB946D4AEC26C4ED5 /* [CP] Check Pods Manifest.lock */ = {
			isa = PBXShellScriptBuildPhase;
			buildActionMask = 2147483647;
			files = (
			);
			inputFileListPaths = (
			);
			inputPaths = (
				"${PODS_PODFILE_DIR_PATH}/Podfile.lock",
				"${PODS_ROOT}/Manifest.lock",
			);
			name = "[CP] Check Pods Manifest.lock";
			outputFileListPaths = (
			);
			outputPaths = (
				"$(DERIVED_FILE_DIR)/Pods-MovieReview-MovieReviewUITests-checkManifestLockResult.txt",
			);
			runOnlyForDeploymentPostprocessing = 0;
			shellPath = /bin/sh;
			shellScript = "diff \"${PODS_PODFILE_DIR_PATH}/Podfile.lock\" \"${PODS_ROOT}/Manifest.lock\" > /dev/null\nif [ $? != 0 ] ; then\n    # print error to STDERR\n    echo \"error: The sandbox is not in sync with the Podfile.lock. Run 'pod install' or update your CocoaPods installation.\" >&2\n    exit 1\nfi\n# This output is used by Xcode 'outputs' to avoid re-running this script phase.\necho \"SUCCESS\" > \"${SCRIPT_OUTPUT_FILE_0}\"\n";
			showEnvVarsInLog = 0;
		};
		B82BBF2B2E247A309C6F8CD7 /* [CP] Check Pods Manifest.lock */ = {
			isa = PBXShellScriptBuildPhase;
			buildActionMask = 2147483647;
			files = (
			);
			inputFileListPaths = (
			);
			inputPaths = (
				"${PODS_PODFILE_DIR_PATH}/Podfile.lock",
				"${PODS_ROOT}/Manifest.lock",
			);
			name = "[CP] Check Pods Manifest.lock";
			outputFileListPaths = (
			);
			outputPaths = (
				"$(DERIVED_FILE_DIR)/Pods-MovieReviewTests-checkManifestLockResult.txt",
			);
			runOnlyForDeploymentPostprocessing = 0;
			shellPath = /bin/sh;
			shellScript = "diff \"${PODS_PODFILE_DIR_PATH}/Podfile.lock\" \"${PODS_ROOT}/Manifest.lock\" > /dev/null\nif [ $? != 0 ] ; then\n    # print error to STDERR\n    echo \"error: The sandbox is not in sync with the Podfile.lock. Run 'pod install' or update your CocoaPods installation.\" >&2\n    exit 1\nfi\n# This output is used by Xcode 'outputs' to avoid re-running this script phase.\necho \"SUCCESS\" > \"${SCRIPT_OUTPUT_FILE_0}\"\n";
			showEnvVarsInLog = 0;
		};
		B84FE21601992E04404DAA93 /* [CP] Check Pods Manifest.lock */ = {
			isa = PBXShellScriptBuildPhase;
			buildActionMask = 2147483647;
			files = (
			);
			inputFileListPaths = (
			);
			inputPaths = (
				"${PODS_PODFILE_DIR_PATH}/Podfile.lock",
				"${PODS_ROOT}/Manifest.lock",
			);
			name = "[CP] Check Pods Manifest.lock";
			outputFileListPaths = (
			);
			outputPaths = (
				"$(DERIVED_FILE_DIR)/Pods-MovieReview-checkManifestLockResult.txt",
			);
			runOnlyForDeploymentPostprocessing = 0;
			shellPath = /bin/sh;
			shellScript = "diff \"${PODS_PODFILE_DIR_PATH}/Podfile.lock\" \"${PODS_ROOT}/Manifest.lock\" > /dev/null\nif [ $? != 0 ] ; then\n    # print error to STDERR\n    echo \"error: The sandbox is not in sync with the Podfile.lock. Run 'pod install' or update your CocoaPods installation.\" >&2\n    exit 1\nfi\n# This output is used by Xcode 'outputs' to avoid re-running this script phase.\necho \"SUCCESS\" > \"${SCRIPT_OUTPUT_FILE_0}\"\n";
			showEnvVarsInLog = 0;
		};
/* End PBXShellScriptBuildPhase section */

/* Begin PBXSourcesBuildPhase section */
		041C20C1289942AA0032162A /* Sources */ = {
			isa = PBXSourcesBuildPhase;
			buildActionMask = 2147483647;
			files = (
				04752F0F28994D5500606089 /* MoviewSearchResponseModel.swift in Sources */,
				04752F0D28994D2C00606089 /* MoviewSearchRequestModel.swift in Sources */,
				046E67DB289A80A300DC73F0 /* MoviewListCollectionviewCell.swift in Sources */,
				04752F1228994E3400606089 /* Moview.swift in Sources */,
				041C20CD289942AA0032162A /* MovieListViewController.swift in Sources */,
				04752F1428994E5500606089 /* MoviewSearchManager.swift in Sources */,
				041C20C9289942AA0032162A /* AppDelegate.swift in Sources */,
				041C20CB289942AA0032162A /* SceneDelegate.swift in Sources */,
				04752F172899533500606089 /* MoviewListPresenter.swift in Sources */,
			);
			runOnlyForDeploymentPostprocessing = 0;
		};
		041C20D7289942AB0032162A /* Sources */ = {
			isa = PBXSourcesBuildPhase;
			buildActionMask = 2147483647;
			files = (
				041C20E0289942AB0032162A /* MovieReviewTests.swift in Sources */,
			);
			runOnlyForDeploymentPostprocessing = 0;
		};
		041C20E1289942AB0032162A /* Sources */ = {
			isa = PBXSourcesBuildPhase;
			buildActionMask = 2147483647;
			files = (
				041C20EA289942AB0032162A /* MovieReviewUITests.swift in Sources */,
				041C20EC289942AB0032162A /* MovieReviewUITestsLaunchTests.swift in Sources */,
			);
			runOnlyForDeploymentPostprocessing = 0;
		};
/* End PBXSourcesBuildPhase section */

/* Begin PBXTargetDependency section */
		041C20DD289942AB0032162A /* PBXTargetDependency */ = {
			isa = PBXTargetDependency;
			target = 041C20C4289942AA0032162A /* MovieReview */;
			targetProxy = 041C20DC289942AB0032162A /* PBXContainerItemProxy */;
		};
		041C20E7289942AB0032162A /* PBXTargetDependency */ = {
			isa = PBXTargetDependency;
			target = 041C20C4289942AA0032162A /* MovieReview */;
			targetProxy = 041C20E6289942AB0032162A /* PBXContainerItemProxy */;
		};
/* End PBXTargetDependency section */

/* Begin PBXVariantGroup section */
		041C20D3289942AA0032162A /* LaunchScreen.storyboard */ = {
			isa = PBXVariantGroup;
			children = (
				041C20D4289942AA0032162A /* Base */,
			);
			name = LaunchScreen.storyboard;
			sourceTree = "<group>";
		};
/* End PBXVariantGroup section */

/* Begin XCBuildConfiguration section */
		041C20ED289942AB0032162A /* Debug */ = {
			isa = XCBuildConfiguration;
			buildSettings = {
				ALWAYS_SEARCH_USER_PATHS = NO;
				CLANG_ANALYZER_NONNULL = YES;
				CLANG_ANALYZER_NUMBER_OBJECT_CONVERSION = YES_AGGRESSIVE;
				CLANG_CXX_LANGUAGE_STANDARD = "gnu++17";
				CLANG_ENABLE_MODULES = YES;
				CLANG_ENABLE_OBJC_ARC = YES;
				CLANG_ENABLE_OBJC_WEAK = YES;
				CLANG_WARN_BLOCK_CAPTURE_AUTORELEASING = YES;
				CLANG_WARN_BOOL_CONVERSION = YES;
				CLANG_WARN_COMMA = YES;
				CLANG_WARN_CONSTANT_CONVERSION = YES;
				CLANG_WARN_DEPRECATED_OBJC_IMPLEMENTATIONS = YES;
				CLANG_WARN_DIRECT_OBJC_ISA_USAGE = YES_ERROR;
				CLANG_WARN_DOCUMENTATION_COMMENTS = YES;
				CLANG_WARN_EMPTY_BODY = YES;
				CLANG_WARN_ENUM_CONVERSION = YES;
				CLANG_WARN_INFINITE_RECURSION = YES;
				CLANG_WARN_INT_CONVERSION = YES;
				CLANG_WARN_NON_LITERAL_NULL_CONVERSION = YES;
				CLANG_WARN_OBJC_IMPLICIT_RETAIN_SELF = YES;
				CLANG_WARN_OBJC_LITERAL_CONVERSION = YES;
				CLANG_WARN_OBJC_ROOT_CLASS = YES_ERROR;
				CLANG_WARN_QUOTED_INCLUDE_IN_FRAMEWORK_HEADER = YES;
				CLANG_WARN_RANGE_LOOP_ANALYSIS = YES;
				CLANG_WARN_STRICT_PROTOTYPES = YES;
				CLANG_WARN_SUSPICIOUS_MOVE = YES;
				CLANG_WARN_UNGUARDED_AVAILABILITY = YES_AGGRESSIVE;
				CLANG_WARN_UNREACHABLE_CODE = YES;
				CLANG_WARN__DUPLICATE_METHOD_MATCH = YES;
				COPY_PHASE_STRIP = NO;
				DEBUG_INFORMATION_FORMAT = dwarf;
				ENABLE_STRICT_OBJC_MSGSEND = YES;
				ENABLE_TESTABILITY = YES;
				GCC_C_LANGUAGE_STANDARD = gnu11;
				GCC_DYNAMIC_NO_PIC = NO;
				GCC_NO_COMMON_BLOCKS = YES;
				GCC_OPTIMIZATION_LEVEL = 0;
				GCC_PREPROCESSOR_DEFINITIONS = (
					"DEBUG=1",
					"$(inherited)",
				);
				GCC_WARN_64_TO_32_BIT_CONVERSION = YES;
				GCC_WARN_ABOUT_RETURN_TYPE = YES_ERROR;
				GCC_WARN_UNDECLARED_SELECTOR = YES;
				GCC_WARN_UNINITIALIZED_AUTOS = YES_AGGRESSIVE;
				GCC_WARN_UNUSED_FUNCTION = YES;
				GCC_WARN_UNUSED_VARIABLE = YES;
				IPHONEOS_DEPLOYMENT_TARGET = 15.5;
				MTL_ENABLE_DEBUG_INFO = INCLUDE_SOURCE;
				MTL_FAST_MATH = YES;
				ONLY_ACTIVE_ARCH = YES;
				SDKROOT = iphoneos;
				SWIFT_ACTIVE_COMPILATION_CONDITIONS = DEBUG;
				SWIFT_OPTIMIZATION_LEVEL = "-Onone";
			};
			name = Debug;
		};
		041C20EE289942AB0032162A /* Release */ = {
			isa = XCBuildConfiguration;
			buildSettings = {
				ALWAYS_SEARCH_USER_PATHS = NO;
				CLANG_ANALYZER_NONNULL = YES;
				CLANG_ANALYZER_NUMBER_OBJECT_CONVERSION = YES_AGGRESSIVE;
				CLANG_CXX_LANGUAGE_STANDARD = "gnu++17";
				CLANG_ENABLE_MODULES = YES;
				CLANG_ENABLE_OBJC_ARC = YES;
				CLANG_ENABLE_OBJC_WEAK = YES;
				CLANG_WARN_BLOCK_CAPTURE_AUTORELEASING = YES;
				CLANG_WARN_BOOL_CONVERSION = YES;
				CLANG_WARN_COMMA = YES;
				CLANG_WARN_CONSTANT_CONVERSION = YES;
				CLANG_WARN_DEPRECATED_OBJC_IMPLEMENTATIONS = YES;
				CLANG_WARN_DIRECT_OBJC_ISA_USAGE = YES_ERROR;
				CLANG_WARN_DOCUMENTATION_COMMENTS = YES;
				CLANG_WARN_EMPTY_BODY = YES;
				CLANG_WARN_ENUM_CONVERSION = YES;
				CLANG_WARN_INFINITE_RECURSION = YES;
				CLANG_WARN_INT_CONVERSION = YES;
				CLANG_WARN_NON_LITERAL_NULL_CONVERSION = YES;
				CLANG_WARN_OBJC_IMPLICIT_RETAIN_SELF = YES;
				CLANG_WARN_OBJC_LITERAL_CONVERSION = YES;
				CLANG_WARN_OBJC_ROOT_CLASS = YES_ERROR;
				CLANG_WARN_QUOTED_INCLUDE_IN_FRAMEWORK_HEADER = YES;
				CLANG_WARN_RANGE_LOOP_ANALYSIS = YES;
				CLANG_WARN_STRICT_PROTOTYPES = YES;
				CLANG_WARN_SUSPICIOUS_MOVE = YES;
				CLANG_WARN_UNGUARDED_AVAILABILITY = YES_AGGRESSIVE;
				CLANG_WARN_UNREACHABLE_CODE = YES;
				CLANG_WARN__DUPLICATE_METHOD_MATCH = YES;
				COPY_PHASE_STRIP = NO;
				DEBUG_INFORMATION_FORMAT = "dwarf-with-dsym";
				ENABLE_NS_ASSERTIONS = NO;
				ENABLE_STRICT_OBJC_MSGSEND = YES;
				GCC_C_LANGUAGE_STANDARD = gnu11;
				GCC_NO_COMMON_BLOCKS = YES;
				GCC_WARN_64_TO_32_BIT_CONVERSION = YES;
				GCC_WARN_ABOUT_RETURN_TYPE = YES_ERROR;
				GCC_WARN_UNDECLARED_SELECTOR = YES;
				GCC_WARN_UNINITIALIZED_AUTOS = YES_AGGRESSIVE;
				GCC_WARN_UNUSED_FUNCTION = YES;
				GCC_WARN_UNUSED_VARIABLE = YES;
				IPHONEOS_DEPLOYMENT_TARGET = 15.5;
				MTL_ENABLE_DEBUG_INFO = NO;
				MTL_FAST_MATH = YES;
				SDKROOT = iphoneos;
				SWIFT_COMPILATION_MODE = wholemodule;
				SWIFT_OPTIMIZATION_LEVEL = "-O";
				VALIDATE_PRODUCT = YES;
			};
			name = Release;
		};
		041C20F0289942AB0032162A /* Debug */ = {
			isa = XCBuildConfiguration;
			baseConfigurationReference = 486BCF3CBCE470A2343FEEEA /* Pods-MovieReview.debug.xcconfig */;
			buildSettings = {
				ASSETCATALOG_COMPILER_APPICON_NAME = AppIcon;
				ASSETCATALOG_COMPILER_GLOBAL_ACCENT_COLOR_NAME = AccentColor;
				CODE_SIGN_STYLE = Automatic;
				CURRENT_PROJECT_VERSION = 1;
				DEVELOPMENT_TEAM = BAT7Y9H9TP;
				GENERATE_INFOPLIST_FILE = YES;
				INFOPLIST_FILE = MovieReview/Info.plist;
				INFOPLIST_KEY_UIApplicationSupportsIndirectInputEvents = YES;
				INFOPLIST_KEY_UILaunchStoryboardName = LaunchScreen;
				INFOPLIST_KEY_UISupportedInterfaceOrientations_iPad = "UIInterfaceOrientationPortrait UIInterfaceOrientationPortraitUpsideDown UIInterfaceOrientationLandscapeLeft UIInterfaceOrientationLandscapeRight";
				INFOPLIST_KEY_UISupportedInterfaceOrientations_iPhone = "UIInterfaceOrientationPortrait UIInterfaceOrientationLandscapeLeft UIInterfaceOrientationLandscapeRight";
				LD_RUNPATH_SEARCH_PATHS = (
					"$(inherited)",
					"@executable_path/Frameworks",
				);
				MARKETING_VERSION = 1.0;
				PRODUCT_BUNDLE_IDENTIFIER = kr.ac.kpu.MovieReview;
				PRODUCT_NAME = "$(TARGET_NAME)";
				SWIFT_EMIT_LOC_STRINGS = YES;
				SWIFT_VERSION = 5.0;
				TARGETED_DEVICE_FAMILY = "1,2";
			};
			name = Debug;
		};
		041C20F1289942AB0032162A /* Release */ = {
			isa = XCBuildConfiguration;
			baseConfigurationReference = 1E0DEBAC1D8E8B66771BEE81 /* Pods-MovieReview.release.xcconfig */;
			buildSettings = {
				ASSETCATALOG_COMPILER_APPICON_NAME = AppIcon;
				ASSETCATALOG_COMPILER_GLOBAL_ACCENT_COLOR_NAME = AccentColor;
				CODE_SIGN_STYLE = Automatic;
				CURRENT_PROJECT_VERSION = 1;
				DEVELOPMENT_TEAM = BAT7Y9H9TP;
				GENERATE_INFOPLIST_FILE = YES;
				INFOPLIST_FILE = MovieReview/Info.plist;
				INFOPLIST_KEY_UIApplicationSupportsIndirectInputEvents = YES;
				INFOPLIST_KEY_UILaunchStoryboardName = LaunchScreen;
				INFOPLIST_KEY_UISupportedInterfaceOrientations_iPad = "UIInterfaceOrientationPortrait UIInterfaceOrientationPortraitUpsideDown UIInterfaceOrientationLandscapeLeft UIInterfaceOrientationLandscapeRight";
				INFOPLIST_KEY_UISupportedInterfaceOrientations_iPhone = "UIInterfaceOrientationPortrait UIInterfaceOrientationLandscapeLeft UIInterfaceOrientationLandscapeRight";
				LD_RUNPATH_SEARCH_PATHS = (
					"$(inherited)",
					"@executable_path/Frameworks",
				);
				MARKETING_VERSION = 1.0;
				PRODUCT_BUNDLE_IDENTIFIER = kr.ac.kpu.MovieReview;
				PRODUCT_NAME = "$(TARGET_NAME)";
				SWIFT_EMIT_LOC_STRINGS = YES;
				SWIFT_VERSION = 5.0;
				TARGETED_DEVICE_FAMILY = "1,2";
			};
			name = Release;
		};
		041C20F3289942AB0032162A /* Debug */ = {
			isa = XCBuildConfiguration;
			baseConfigurationReference = 332AAAB99C79F6643F08EF67 /* Pods-MovieReviewTests.debug.xcconfig */;
			buildSettings = {
				ALWAYS_EMBED_SWIFT_STANDARD_LIBRARIES = YES;
				BUNDLE_LOADER = "$(TEST_HOST)";
				CODE_SIGN_STYLE = Automatic;
				CURRENT_PROJECT_VERSION = 1;
				DEVELOPMENT_TEAM = BAT7Y9H9TP;
				GENERATE_INFOPLIST_FILE = YES;
				IPHONEOS_DEPLOYMENT_TARGET = 15.5;
				MARKETING_VERSION = 1.0;
				PRODUCT_BUNDLE_IDENTIFIER = kr.ac.kpu.MovieReviewTests;
				PRODUCT_NAME = "$(TARGET_NAME)";
				SWIFT_EMIT_LOC_STRINGS = NO;
				SWIFT_VERSION = 5.0;
				TARGETED_DEVICE_FAMILY = "1,2";
				TEST_HOST = "$(BUILT_PRODUCTS_DIR)/MovieReview.app/MovieReview";
			};
			name = Debug;
		};
		041C20F4289942AB0032162A /* Release */ = {
			isa = XCBuildConfiguration;
			baseConfigurationReference = 9758634D205698C48112E0CA /* Pods-MovieReviewTests.release.xcconfig */;
			buildSettings = {
				ALWAYS_EMBED_SWIFT_STANDARD_LIBRARIES = YES;
				BUNDLE_LOADER = "$(TEST_HOST)";
				CODE_SIGN_STYLE = Automatic;
				CURRENT_PROJECT_VERSION = 1;
				DEVELOPMENT_TEAM = BAT7Y9H9TP;
				GENERATE_INFOPLIST_FILE = YES;
				IPHONEOS_DEPLOYMENT_TARGET = 15.5;
				MARKETING_VERSION = 1.0;
				PRODUCT_BUNDLE_IDENTIFIER = kr.ac.kpu.MovieReviewTests;
				PRODUCT_NAME = "$(TARGET_NAME)";
				SWIFT_EMIT_LOC_STRINGS = NO;
				SWIFT_VERSION = 5.0;
				TARGETED_DEVICE_FAMILY = "1,2";
				TEST_HOST = "$(BUILT_PRODUCTS_DIR)/MovieReview.app/MovieReview";
			};
			name = Release;
		};
		041C20F6289942AB0032162A /* Debug */ = {
			isa = XCBuildConfiguration;
			baseConfigurationReference = F36C0B5E38D59C6EB1FF2275 /* Pods-MovieReview-MovieReviewUITests.debug.xcconfig */;
			buildSettings = {
				ALWAYS_EMBED_SWIFT_STANDARD_LIBRARIES = YES;
				CODE_SIGN_STYLE = Automatic;
				CURRENT_PROJECT_VERSION = 1;
				DEVELOPMENT_TEAM = BAT7Y9H9TP;
				GENERATE_INFOPLIST_FILE = YES;
				MARKETING_VERSION = 1.0;
				PRODUCT_BUNDLE_IDENTIFIER = kr.ac.kpu.MovieReviewUITests;
				PRODUCT_NAME = "$(TARGET_NAME)";
				SWIFT_EMIT_LOC_STRINGS = NO;
				SWIFT_VERSION = 5.0;
				TARGETED_DEVICE_FAMILY = "1,2";
				TEST_TARGET_NAME = MovieReview;
			};
			name = Debug;
		};
		041C20F7289942AB0032162A /* Release */ = {
			isa = XCBuildConfiguration;
			baseConfigurationReference = 670570C71AF3B7B438C12793 /* Pods-MovieReview-MovieReviewUITests.release.xcconfig */;
			buildSettings = {
				ALWAYS_EMBED_SWIFT_STANDARD_LIBRARIES = YES;
				CODE_SIGN_STYLE = Automatic;
				CURRENT_PROJECT_VERSION = 1;
				DEVELOPMENT_TEAM = BAT7Y9H9TP;
				GENERATE_INFOPLIST_FILE = YES;
				MARKETING_VERSION = 1.0;
				PRODUCT_BUNDLE_IDENTIFIER = kr.ac.kpu.MovieReviewUITests;
				PRODUCT_NAME = "$(TARGET_NAME)";
				SWIFT_EMIT_LOC_STRINGS = NO;
				SWIFT_VERSION = 5.0;
				TARGETED_DEVICE_FAMILY = "1,2";
				TEST_TARGET_NAME = MovieReview;
			};
			name = Release;
		};
/* End XCBuildConfiguration section */

/* Begin XCConfigurationList section */
		041C20C0289942AA0032162A /* Build configuration list for PBXProject "MovieReview" */ = {
			isa = XCConfigurationList;
			buildConfigurations = (
				041C20ED289942AB0032162A /* Debug */,
				041C20EE289942AB0032162A /* Release */,
			);
			defaultConfigurationIsVisible = 0;
			defaultConfigurationName = Release;
		};
		041C20EF289942AB0032162A /* Build configuration list for PBXNativeTarget "MovieReview" */ = {
			isa = XCConfigurationList;
			buildConfigurations = (
				041C20F0289942AB0032162A /* Debug */,
				041C20F1289942AB0032162A /* Release */,
			);
			defaultConfigurationIsVisible = 0;
			defaultConfigurationName = Release;
		};
		041C20F2289942AB0032162A /* Build configuration list for PBXNativeTarget "MovieReviewTests" */ = {
			isa = XCConfigurationList;
			buildConfigurations = (
				041C20F3289942AB0032162A /* Debug */,
				041C20F4289942AB0032162A /* Release */,
			);
			defaultConfigurationIsVisible = 0;
			defaultConfigurationName = Release;
		};
		041C20F5289942AB0032162A /* Build configuration list for PBXNativeTarget "MovieReviewUITests" */ = {
			isa = XCConfigurationList;
			buildConfigurations = (
				041C20F6289942AB0032162A /* Debug */,
				041C20F7289942AB0032162A /* Release */,
			);
			defaultConfigurationIsVisible = 0;
			defaultConfigurationName = Release;
		};
/* End XCConfigurationList section */

/* Begin XCRemoteSwiftPackageReference section */
		041C20F8289942E00032162A /* XCRemoteSwiftPackageReference "Kingfisher" */ = {
			isa = XCRemoteSwiftPackageReference;
			repositoryURL = "https://github.com/onevcat/Kingfisher.git";
			requirement = {
				kind = upToNextMajorVersion;
				minimumVersion = 7.0.0;
			};
		};
		041C20FB289942EC0032162A /* XCRemoteSwiftPackageReference "SnapKit" */ = {
			isa = XCRemoteSwiftPackageReference;
			repositoryURL = "https://github.com/SnapKit/SnapKit.git";
			requirement = {
				branch = develop;
				kind = branch;
			};
		};
		041C20FE289942FA0032162A /* XCRemoteSwiftPackageReference "Alamofire" */ = {
			isa = XCRemoteSwiftPackageReference;
			repositoryURL = "https://github.com/Alamofire/Alamofire.git";
			requirement = {
				branch = master;
				kind = branch;
			};
		};
/* End XCRemoteSwiftPackageReference section */

/* Begin XCSwiftPackageProductDependency section */
		041C20F9289942E00032162A /* Kingfisher */ = {
			isa = XCSwiftPackageProductDependency;
			package = 041C20F8289942E00032162A /* XCRemoteSwiftPackageReference "Kingfisher" */;
			productName = Kingfisher;
		};
		041C20FC289942EC0032162A /* SnapKit */ = {
			isa = XCSwiftPackageProductDependency;
			package = 041C20FB289942EC0032162A /* XCRemoteSwiftPackageReference "SnapKit" */;
			productName = SnapKit;
		};
		041C20FF289942FA0032162A /* Alamofire */ = {
			isa = XCSwiftPackageProductDependency;
			package = 041C20FE289942FA0032162A /* XCRemoteSwiftPackageReference "Alamofire" */;
			productName = Alamofire;
		};
/* End XCSwiftPackageProductDependency section */
	};
	rootObject = 041C20BD289942AA0032162A /* Project object */;
}
